// !$*UTF8*$!
{
	archiveVersion = 1;
	classes = {
	};
	objectVersion = 56;
	objects = {

/* Begin PBXBuildFile section */
		2288C7052AF0164A006CB2E0 /* AppDelegate.swift in Sources */ = {isa = PBXBuildFile; fileRef = 2288C7042AF0164A006CB2E0 /* AppDelegate.swift */; };
		2288C7072AF0164A006CB2E0 /* SceneDelegate.swift in Sources */ = {isa = PBXBuildFile; fileRef = 2288C7062AF0164A006CB2E0 /* SceneDelegate.swift */; };
		2288C7092AF0164A006CB2E0 /* ViewController.swift in Sources */ = {isa = PBXBuildFile; fileRef = 2288C7082AF0164A006CB2E0 /* ViewController.swift */; };
		2288C70C2AF0164A006CB2E0 /* Main.storyboard in Resources */ = {isa = PBXBuildFile; fileRef = 2288C70A2AF0164A006CB2E0 /* Main.storyboard */; };
		2288C70E2AF0164C006CB2E0 /* Assets.xcassets in Resources */ = {isa = PBXBuildFile; fileRef = 2288C70D2AF0164C006CB2E0 /* Assets.xcassets */; };
		2288C7112AF0164C006CB2E0 /* LaunchScreen.storyboard in Resources */ = {isa = PBXBuildFile; fileRef = 2288C70F2AF0164C006CB2E0 /* LaunchScreen.storyboard */; };
		2288C71C2AF0164D006CB2E0 /* cartoonTableViewTests.swift in Sources */ = {isa = PBXBuildFile; fileRef = 2288C71B2AF0164D006CB2E0 /* cartoonTableViewTests.swift */; };
		2288C7262AF0164D006CB2E0 /* cartoonTableViewUITests.swift in Sources */ = {isa = PBXBuildFile; fileRef = 2288C7252AF0164D006CB2E0 /* cartoonTableViewUITests.swift */; };
		2288C7282AF0164D006CB2E0 /* cartoonTableViewUITestsLaunchTests.swift in Sources */ = {isa = PBXBuildFile; fileRef = 2288C7272AF0164D006CB2E0 /* cartoonTableViewUITestsLaunchTests.swift */; };
		2288C7352AF1241E006CB2E0 /* Movie.swift in Sources */ = {isa = PBXBuildFile; fileRef = 2288C7342AF1241E006CB2E0 /* Movie.swift */; };
		2288C73B2AF13769006CB2E0 /* TableViewController.swift in Sources */ = {isa = PBXBuildFile; fileRef = 2288C73A2AF13769006CB2E0 /* TableViewController.swift */; };
/* End PBXBuildFile section */

/* Begin PBXContainerItemProxy section */
		2288C7182AF0164D006CB2E0 /* PBXContainerItemProxy */ = {
			isa = PBXContainerItemProxy;
			containerPortal = 2288C6F92AF0164A006CB2E0 /* Project object */;
			proxyType = 1;
			remoteGlobalIDString = 2288C7002AF0164A006CB2E0;
			remoteInfo = cartoonTableView;
		};
		2288C7222AF0164D006CB2E0 /* PBXContainerItemProxy */ = {
			isa = PBXContainerItemProxy;
			containerPortal = 2288C6F92AF0164A006CB2E0 /* Project object */;
			proxyType = 1;
			remoteGlobalIDString = 2288C7002AF0164A006CB2E0;
			remoteInfo = cartoonTableView;
		};
/* End PBXContainerItemProxy section */

/* Begin PBXFileReference section */
		2288C7012AF0164A006CB2E0 /* cartoonTableView.app */ = {isa = PBXFileReference; explicitFileType = wrapper.application; includeInIndex = 0; path = cartoonTableView.app; sourceTree = BUILT_PRODUCTS_DIR; };
		2288C7042AF0164A006CB2E0 /* AppDelegate.swift */ = {isa = PBXFileReference; lastKnownFileType = sourcecode.swift; path = AppDelegate.swift; sourceTree = "<group>"; };
		2288C7062AF0164A006CB2E0 /* SceneDelegate.swift */ = {isa = PBXFileReference; lastKnownFileType = sourcecode.swift; path = SceneDelegate.swift; sourceTree = "<group>"; };
		2288C7082AF0164A006CB2E0 /* ViewController.swift */ = {isa = PBXFileReference; lastKnownFileType = sourcecode.swift; path = ViewController.swift; sourceTree = "<group>"; };
		2288C70B2AF0164A006CB2E0 /* Base */ = {isa = PBXFileReference; lastKnownFileType = file.storyboard; name = Base; path = Base.lproj/Main.storyboard; sourceTree = "<group>"; };
		2288C70D2AF0164C006CB2E0 /* Assets.xcassets */ = {isa = PBXFileReference; lastKnownFileType = folder.assetcatalog; path = Assets.xcassets; sourceTree = "<group>"; };
		2288C7102AF0164C006CB2E0 /* Base */ = {isa = PBXFileReference; lastKnownFileType = file.storyboard; name = Base; path = Base.lproj/LaunchScreen.storyboard; sourceTree = "<group>"; };
		2288C7122AF0164C006CB2E0 /* Info.plist */ = {isa = PBXFileReference; lastKnownFileType = text.plist.xml; path = Info.plist; sourceTree = "<group>"; };
		2288C7172AF0164D006CB2E0 /* cartoonTableViewTests.xctest */ = {isa = PBXFileReference; explicitFileType = wrapper.cfbundle; includeInIndex = 0; path = cartoonTableViewTests.xctest; sourceTree = BUILT_PRODUCTS_DIR; };
		2288C71B2AF0164D006CB2E0 /* cartoonTableViewTests.swift */ = {isa = PBXFileReference; lastKnownFileType = sourcecode.swift; path = cartoonTableViewTests.swift; sourceTree = "<group>"; };
		2288C7212AF0164D006CB2E0 /* cartoonTableViewUITests.xctest */ = {isa = PBXFileReference; explicitFileType = wrapper.cfbundle; includeInIndex = 0; path = cartoonTableViewUITests.xctest; sourceTree = BUILT_PRODUCTS_DIR; };
		2288C7252AF0164D006CB2E0 /* cartoonTableViewUITests.swift */ = {isa = PBXFileReference; lastKnownFileType = sourcecode.swift; path = cartoonTableViewUITests.swift; sourceTree = "<group>"; };
		2288C7272AF0164D006CB2E0 /* cartoonTableViewUITestsLaunchTests.swift */ = {isa = PBXFileReference; lastKnownFileType = sourcecode.swift; path = cartoonTableViewUITestsLaunchTests.swift; sourceTree = "<group>"; };
		2288C7342AF1241E006CB2E0 /* Movie.swift */ = {isa = PBXFileReference; lastKnownFileType = sourcecode.swift; path = Movie.swift; sourceTree = "<group>"; };
		2288C73A2AF13769006CB2E0 /* TableViewController.swift */ = {isa = PBXFileReference; lastKnownFileType = sourcecode.swift; path = TableViewController.swift; sourceTree = "<group>"; };
/* End PBXFileReference section */

/* Begin PBXFrameworksBuildPhase section */
		2288C6FE2AF0164A006CB2E0 /* Frameworks */ = {
			isa = PBXFrameworksBuildPhase;
			buildActionMask = 2147483647;
			files = (
			);
			runOnlyForDeploymentPostprocessing = 0;
		};
		2288C7142AF0164D006CB2E0 /* Frameworks */ = {
			isa = PBXFrameworksBuildPhase;
			buildActionMask = 2147483647;
			files = (
			);
			runOnlyForDeploymentPostprocessing = 0;
		};
		2288C71E2AF0164D006CB2E0 /* Frameworks */ = {
			isa = PBXFrameworksBuildPhase;
			buildActionMask = 2147483647;
			files = (
			);
			runOnlyForDeploymentPostprocessing = 0;
		};
/* End PBXFrameworksBuildPhase section */

/* Begin PBXGroup section */
		2288C6F82AF0164A006CB2E0 = {
			isa = PBXGroup;
			children = (
				2288C7032AF0164A006CB2E0 /* cartoonTableView */,
				2288C71A2AF0164D006CB2E0 /* cartoonTableViewTests */,
				2288C7242AF0164D006CB2E0 /* cartoonTableViewUITests */,
				2288C7022AF0164A006CB2E0 /* Products */,
			);
			sourceTree = "<group>";
		};
		2288C7022AF0164A006CB2E0 /* Products */ = {
			isa = PBXGroup;
			children = (
				2288C7012AF0164A006CB2E0 /* cartoonTableView.app */,
				2288C7172AF0164D006CB2E0 /* cartoonTableViewTests.xctest */,
				2288C7212AF0164D006CB2E0 /* cartoonTableViewUITests.xctest */,
			);
			name = Products;
			sourceTree = "<group>";
		};
		2288C7032AF0164A006CB2E0 /* cartoonTableView */ = {
			isa = PBXGroup;
			children = (
				2288C7042AF0164A006CB2E0 /* AppDelegate.swift */,
				2288C7062AF0164A006CB2E0 /* SceneDelegate.swift */,
				2288C7082AF0164A006CB2E0 /* ViewController.swift */,
				2288C70A2AF0164A006CB2E0 /* Main.storyboard */,
				2288C73A2AF13769006CB2E0 /* TableViewController.swift */,
				2288C7342AF1241E006CB2E0 /* Movie.swift */,
				2288C70D2AF0164C006CB2E0 /* Assets.xcassets */,
				2288C70F2AF0164C006CB2E0 /* LaunchScreen.storyboard */,
				2288C7122AF0164C006CB2E0 /* Info.plist */,
			);
			path = cartoonTableView;
			sourceTree = "<group>";
		};
		2288C71A2AF0164D006CB2E0 /* cartoonTableViewTests */ = {
			isa = PBXGroup;
			children = (
				2288C71B2AF0164D006CB2E0 /* cartoonTableViewTests.swift */,
			);
			path = cartoonTableViewTests;
			sourceTree = "<group>";
		};
		2288C7242AF0164D006CB2E0 /* cartoonTableViewUITests */ = {
			isa = PBXGroup;
			children = (
				2288C7252AF0164D006CB2E0 /* cartoonTableViewUITests.swift */,
				2288C7272AF0164D006CB2E0 /* cartoonTableViewUITestsLaunchTests.swift */,
			);
			path = cartoonTableViewUITests;
			sourceTree = "<group>";
		};
/* End PBXGroup section */

/* Begin PBXNativeTarget section */
		2288C7002AF0164A006CB2E0 /* cartoonTableView */ = {
			isa = PBXNativeTarget;
			buildConfigurationList = 2288C72B2AF0164D006CB2E0 /* Build configuration list for PBXNativeTarget "cartoonTableView" */;
			buildPhases = (
				2288C6FD2AF0164A006CB2E0 /* Sources */,
				2288C6FE2AF0164A006CB2E0 /* Frameworks */,
				2288C6FF2AF0164A006CB2E0 /* Resources */,
			);
			buildRules = (
			);
			dependencies = (
			);
			name = cartoonTableView;
			productName = cartoonTableView;
			productReference = 2288C7012AF0164A006CB2E0 /* cartoonTableView.app */;
			productType = "com.apple.product-type.application";
		};
		2288C7162AF0164D006CB2E0 /* cartoonTableViewTests */ = {
			isa = PBXNativeTarget;
			buildConfigurationList = 2288C72E2AF0164D006CB2E0 /* Build configuration list for PBXNativeTarget "cartoonTableViewTests" */;
			buildPhases = (
				2288C7132AF0164D006CB2E0 /* Sources */,
				2288C7142AF0164D006CB2E0 /* Frameworks */,
				2288C7152AF0164D006CB2E0 /* Resources */,
			);
			buildRules = (
			);
			dependencies = (
				2288C7192AF0164D006CB2E0 /* PBXTargetDependency */,
			);
			name = cartoonTableViewTests;
			productName = cartoonTableViewTests;
			productReference = 2288C7172AF0164D006CB2E0 /* cartoonTableViewTests.xctest */;
			productType = "com.apple.product-type.bundle.unit-test";
		};
		2288C7202AF0164D006CB2E0 /* cartoonTableViewUITests */ = {
			isa = PBXNativeTarget;
			buildConfigurationList = 2288C7312AF0164D006CB2E0 /* Build configuration list for PBXNativeTarget "cartoonTableViewUITests" */;
			buildPhases = (
				2288C71D2AF0164D006CB2E0 /* Sources */,
				2288C71E2AF0164D006CB2E0 /* Frameworks */,
				2288C71F2AF0164D006CB2E0 /* Resources */,
			);
			buildRules = (
			);
			dependencies = (
				2288C7232AF0164D006CB2E0 /* PBXTargetDependency */,
			);
			name = cartoonTableViewUITests;
			productName = cartoonTableViewUITests;
			productReference = 2288C7212AF0164D006CB2E0 /* cartoonTableViewUITests.xctest */;
			productType = "com.apple.product-type.bundle.ui-testing";
		};
/* End PBXNativeTarget section */

/* Begin PBXProject section */
		2288C6F92AF0164A006CB2E0 /* Project object */ = {
			isa = PBXProject;
			attributes = {
				BuildIndependentTargetsInParallel = 1;
				LastSwiftUpdateCheck = 1420;
				LastUpgradeCheck = 1420;
				TargetAttributes = {
					2288C7002AF0164A006CB2E0 = {
						CreatedOnToolsVersion = 14.2;
					};
					2288C7162AF0164D006CB2E0 = {
						CreatedOnToolsVersion = 14.2;
						TestTargetID = 2288C7002AF0164A006CB2E0;
					};
					2288C7202AF0164D006CB2E0 = {
						CreatedOnToolsVersion = 14.2;
						TestTargetID = 2288C7002AF0164A006CB2E0;
					};
				};
			};
			buildConfigurationList = 2288C6FC2AF0164A006CB2E0 /* Build configuration list for PBXProject "cartoonTableView" */;
			compatibilityVersion = "Xcode 14.0";
			developmentRegion = en;
			hasScannedForEncodings = 0;
			knownRegions = (
				en,
				Base,
			);
			mainGroup = 2288C6F82AF0164A006CB2E0;
			productRefGroup = 2288C7022AF0164A006CB2E0 /* Products */;
			projectDirPath = "";
			projectRoot = "";
			targets = (
				2288C7002AF0164A006CB2E0 /* cartoonTableView */,
				2288C7162AF0164D006CB2E0 /* cartoonTableViewTests */,
				2288C7202AF0164D006CB2E0 /* cartoonTableViewUITests */,
			);
		};
/* End PBXProject section */

/* Begin PBXResourcesBuildPhase section */
		2288C6FF2AF0164A006CB2E0 /* Resources */ = {
			isa = PBXResourcesBuildPhase;
			buildActionMask = 2147483647;
			files = (
				2288C7112AF0164C006CB2E0 /* LaunchScreen.storyboard in Resources */,
				2288C70E2AF0164C006CB2E0 /* Assets.xcassets in Resources */,
				2288C70C2AF0164A006CB2E0 /* Main.storyboard in Resources */,
			);
			runOnlyForDeploymentPostprocessing = 0;
		};
		2288C7152AF0164D006CB2E0 /* Resources */ = {
			isa = PBXResourcesBuildPhase;
			buildActionMask = 2147483647;
			files = (
			);
			runOnlyForDeploymentPostprocessing = 0;
		};
		2288C71F2AF0164D006CB2E0 /* Resources */ = {
			isa = PBXResourcesBuildPhase;
			buildActionMask = 2147483647;
			files = (
			);
			runOnlyForDeploymentPostprocessing = 0;
		};
/* End PBXResourcesBuildPhase section */

/* Begin PBXSourcesBuildPhase section */
		2288C6FD2AF0164A006CB2E0 /* Sources */ = {
			isa = PBXSourcesBuildPhase;
			buildActionMask = 2147483647;
			files = (
				2288C73B2AF13769006CB2E0 /* TableViewController.swift in Sources */,
				2288C7092AF0164A006CB2E0 /* ViewController.swift in Sources */,
				2288C7052AF0164A006CB2E0 /* AppDelegate.swift in Sources */,
				2288C7352AF1241E006CB2E0 /* Movie.swift in Sources */,
				2288C7072AF0164A006CB2E0 /* SceneDelegate.swift in Sources */,
			);
			runOnlyForDeploymentPostprocessing = 0;
		};
		2288C7132AF0164D006CB2E0 /* Sources */ = {
			isa = PBXSourcesBuildPhase;
			buildActionMask = 2147483647;
			files = (
				2288C71C2AF0164D006CB2E0 /* cartoonTableViewTests.swift in Sources */,
			);
			runOnlyForDeploymentPostprocessing = 0;
		};
		2288C71D2AF0164D006CB2E0 /* Sources */ = {
			isa = PBXSourcesBuildPhase;
			buildActionMask = 2147483647;
			files = (
				2288C7262AF0164D006CB2E0 /* cartoonTableViewUITests.swift in Sources */,
				2288C7282AF0164D006CB2E0 /* cartoonTableViewUITestsLaunchTests.swift in Sources */,
			);
			runOnlyForDeploymentPostprocessing = 0;
		};
/* End PBXSourcesBuildPhase section */

/* Begin PBXTargetDependency section */
		2288C7192AF0164D006CB2E0 /* PBXTargetDependency */ = {
			isa = PBXTargetDependency;
			target = 2288C7002AF0164A006CB2E0 /* cartoonTableView */;
			targetProxy = 2288C7182AF0164D006CB2E0 /* PBXContainerItemProxy */;
		};
		2288C7232AF0164D006CB2E0 /* PBXTargetDependency */ = {
			isa = PBXTargetDependency;
			target = 2288C7002AF0164A006CB2E0 /* cartoonTableView */;
			targetProxy = 2288C7222AF0164D006CB2E0 /* PBXContainerItemProxy */;
		};
/* End PBXTargetDependency section */

/* Begin PBXVariantGroup section */
		2288C70A2AF0164A006CB2E0 /* Main.storyboard */ = {
			isa = PBXVariantGroup;
			children = (
				2288C70B2AF0164A006CB2E0 /* Base */,
			);
			name = Main.storyboard;
			sourceTree = "<group>";
		};
		2288C70F2AF0164C006CB2E0 /* LaunchScreen.storyboard */ = {
			isa = PBXVariantGroup;
			children = (
				2288C7102AF0164C006CB2E0 /* Base */,
			);
			name = LaunchScreen.storyboard;
			sourceTree = "<group>";
		};
/* End PBXVariantGroup section */

/* Begin XCBuildConfiguration section */
		2288C7292AF0164D006CB2E0 /* Debug */ = {
			isa = XCBuildConfiguration;
			buildSettings = {
				ALWAYS_SEARCH_USER_PATHS = NO;
				CLANG_ANALYZER_NONNULL = YES;
				CLANG_ANALYZER_NUMBER_OBJECT_CONVERSION = YES_AGGRESSIVE;
				CLANG_CXX_LANGUAGE_STANDARD = "gnu++20";
				CLANG_ENABLE_MODULES = YES;
				CLANG_ENABLE_OBJC_ARC = YES;
				CLANG_ENABLE_OBJC_WEAK = YES;
				CLANG_WARN_BLOCK_CAPTURE_AUTORELEASING = YES;
				CLANG_WARN_BOOL_CONVERSION = YES;
				CLANG_WARN_COMMA = YES;
				CLANG_WARN_CONSTANT_CONVERSION = YES;
				CLANG_WARN_DEPRECATED_OBJC_IMPLEMENTATIONS = YES;
				CLANG_WARN_DIRECT_OBJC_ISA_USAGE = YES_ERROR;
				CLANG_WARN_DOCUMENTATION_COMMENTS = YES;
				CLANG_WARN_EMPTY_BODY = YES;
				CLANG_WARN_ENUM_CONVERSION = YES;
				CLANG_WARN_INFINITE_RECURSION = YES;
				CLANG_WARN_INT_CONVERSION = YES;
				CLANG_WARN_NON_LITERAL_NULL_CONVERSION = YES;
				CLANG_WARN_OBJC_IMPLICIT_RETAIN_SELF = YES;
				CLANG_WARN_OBJC_LITERAL_CONVERSION = YES;
				CLANG_WARN_OBJC_ROOT_CLASS = YES_ERROR;
				CLANG_WARN_QUOTED_INCLUDE_IN_FRAMEWORK_HEADER = YES;
				CLANG_WARN_RANGE_LOOP_ANALYSIS = YES;
				CLANG_WARN_STRICT_PROTOTYPES = YES;
				CLANG_WARN_SUSPICIOUS_MOVE = YES;
				CLANG_WARN_UNGUARDED_AVAILABILITY = YES_AGGRESSIVE;
				CLANG_WARN_UNREACHABLE_CODE = YES;
				CLANG_WARN__DUPLICATE_METHOD_MATCH = YES;
				COPY_PHASE_STRIP = NO;
				DEBUG_INFORMATION_FORMAT = dwarf;
				ENABLE_STRICT_OBJC_MSGSEND = YES;
				ENABLE_TESTABILITY = YES;
				GCC_C_LANGUAGE_STANDARD = gnu11;
				GCC_DYNAMIC_NO_PIC = NO;
				GCC_NO_COMMON_BLOCKS = YES;
				GCC_OPTIMIZATION_LEVEL = 0;
				GCC_PREPROCESSOR_DEFINITIONS = (
					"DEBUG=1",
					"$(inherited)",
				);
				GCC_WARN_64_TO_32_BIT_CONVERSION = YES;
				GCC_WARN_ABOUT_RETURN_TYPE = YES_ERROR;
				GCC_WARN_UNDECLARED_SELECTOR = YES;
				GCC_WARN_UNINITIALIZED_AUTOS = YES_AGGRESSIVE;
				GCC_WARN_UNUSED_FUNCTION = YES;
				GCC_WARN_UNUSED_VARIABLE = YES;
				IPHONEOS_DEPLOYMENT_TARGET = 16.2;
				MTL_ENABLE_DEBUG_INFO = INCLUDE_SOURCE;
				MTL_FAST_MATH = YES;
				ONLY_ACTIVE_ARCH = YES;
				SDKROOT = iphoneos;
				SWIFT_ACTIVE_COMPILATION_CONDITIONS = DEBUG;
				SWIFT_OPTIMIZATION_LEVEL = "-Onone";
			};
			name = Debug;
		};
		2288C72A2AF0164D006CB2E0 /* Release */ = {
			isa = XCBuildConfiguration;
			buildSettings = {
				ALWAYS_SEARCH_USER_PATHS = NO;
				CLANG_ANALYZER_NONNULL = YES;
				CLANG_ANALYZER_NUMBER_OBJECT_CONVERSION = YES_AGGRESSIVE;
				CLANG_CXX_LANGUAGE_STANDARD = "gnu++20";
				CLANG_ENABLE_MODULES = YES;
				CLANG_ENABLE_OBJC_ARC = YES;
				CLANG_ENABLE_OBJC_WEAK = YES;
				CLANG_WARN_BLOCK_CAPTURE_AUTORELEASING = YES;
				CLANG_WARN_BOOL_CONVERSION = YES;
				CLANG_WARN_COMMA = YES;
				CLANG_WARN_CONSTANT_CONVERSION = YES;
				CLANG_WARN_DEPRECATED_OBJC_IMPLEMENTATIONS = YES;
				CLANG_WARN_DIRECT_OBJC_ISA_USAGE = YES_ERROR;
				CLANG_WARN_DOCUMENTATION_COMMENTS = YES;
				CLANG_WARN_EMPTY_BODY = YES;
				CLANG_WARN_ENUM_CONVERSION = YES;
				CLANG_WARN_INFINITE_RECURSION = YES;
				CLANG_WARN_INT_CONVERSION = YES;
				CLANG_WARN_NON_LITERAL_NULL_CONVERSION = YES;
				CLANG_WARN_OBJC_IMPLICIT_RETAIN_SELF = YES;
				CLANG_WARN_OBJC_LITERAL_CONVERSION = YES;
				CLANG_WARN_OBJC_ROOT_CLASS = YES_ERROR;
				CLANG_WARN_QUOTED_INCLUDE_IN_FRAMEWORK_HEADER = YES;
				CLANG_WARN_RANGE_LOOP_ANALYSIS = YES;
				CLANG_WARN_STRICT_PROTOTYPES = YES;
				CLANG_WARN_SUSPICIOUS_MOVE = YES;
				CLANG_WARN_UNGUARDED_AVAILABILITY = YES_AGGRESSIVE;
				CLANG_WARN_UNREACHABLE_CODE = YES;
				CLANG_WARN__DUPLICATE_METHOD_MATCH = YES;
				COPY_PHASE_STRIP = NO;
				DEBUG_INFORMATION_FORMAT = "dwarf-with-dsym";
				ENABLE_NS_ASSERTIONS = NO;
				ENABLE_STRICT_OBJC_MSGSEND = YES;
				GCC_C_LANGUAGE_STANDARD = gnu11;
				GCC_NO_COMMON_BLOCKS = YES;
				GCC_WARN_64_TO_32_BIT_CONVERSION = YES;
				GCC_WARN_ABOUT_RETURN_TYPE = YES_ERROR;
				GCC_WARN_UNDECLARED_SELECTOR = YES;
				GCC_WARN_UNINITIALIZED_AUTOS = YES_AGGRESSIVE;
				GCC_WARN_UNUSED_FUNCTION = YES;
				GCC_WARN_UNUSED_VARIABLE = YES;
				IPHONEOS_DEPLOYMENT_TARGET = 16.2;
				MTL_ENABLE_DEBUG_INFO = NO;
				MTL_FAST_MATH = YES;
				SDKROOT = iphoneos;
				SWIFT_COMPILATION_MODE = wholemodule;
				SWIFT_OPTIMIZATION_LEVEL = "-O";
				VALIDATE_PRODUCT = YES;
			};
			name = Release;
		};
		2288C72C2AF0164D006CB2E0 /* Debug */ = {
			isa = XCBuildConfiguration;
			buildSettings = {
				ASSETCATALOG_COMPILER_APPICON_NAME = AppIcon;
				ASSETCATALOG_COMPILER_GLOBAL_ACCENT_COLOR_NAME = AccentColor;
				CODE_SIGN_STYLE = Automatic;
				CURRENT_PROJECT_VERSION = 1;
				GENERATE_INFOPLIST_FILE = YES;
				INFOPLIST_FILE = cartoonTableView/Info.plist;
				INFOPLIST_KEY_UIApplicationSupportsIndirectInputEvents = YES;
				INFOPLIST_KEY_UILaunchStoryboardName = LaunchScreen;
				INFOPLIST_KEY_UIMainStoryboardFile = Main;
				INFOPLIST_KEY_UISupportedInterfaceOrientations_iPad = "UIInterfaceOrientationPortrait UIInterfaceOrientationPortraitUpsideDown UIInterfaceOrientationLandscapeLeft UIInterfaceOrientationLandscapeRight";
				INFOPLIST_KEY_UISupportedInterfaceOrientations_iPhone = "UIInterfaceOrientationPortrait UIInterfaceOrientationLandscapeLeft UIInterfaceOrientationLandscapeRight";
				LD_RUNPATH_SEARCH_PATHS = (
					"$(inherited)",
					"@executable_path/Frameworks",
				);
				MARKETING_VERSION = 1.0;
				PRODUCT_BUNDLE_IDENTIFIER = kz.antonni.cartoonTableView;
				PRODUCT_NAME = "$(TARGET_NAME)";
				SWIFT_EMIT_LOC_STRINGS = YES;
				SWIFT_VERSION = 5.0;
				TARGETED_DEVICE_FAMILY = "1,2";
			};
			name = Debug;
		};
		2288C72D2AF0164D006CB2E0 /* Release */ = {
			isa = XCBuildConfiguration;
			buildSettings = {
				ASSETCATALOG_COMPILER_APPICON_NAME = AppIcon;
				ASSETCATALOG_COMPILER_GLOBAL_ACCENT_COLOR_NAME = AccentColor;
				CODE_SIGN_STYLE = Automatic;
				CURRENT_PROJECT_VERSION = 1;
				GENERATE_INFOPLIST_FILE = YES;
				INFOPLIST_FILE = cartoonTableView/Info.plist;
				INFOPLIST_KEY_UIApplicationSupportsIndirectInputEvents = YES;
				INFOPLIST_KEY_UILaunchStoryboardName = LaunchScreen;
				INFOPLIST_KEY_UIMainStoryboardFile = Main;
				INFOPLIST_KEY_UISupportedInterfaceOrientations_iPad = "UIInterfaceOrientationPortrait UIInterfaceOrientationPortraitUpsideDown UIInterfaceOrientationLandscapeLeft UIInterfaceOrientationLandscapeRight";
				INFOPLIST_KEY_UISupportedInterfaceOrientations_iPhone = "UIInterfaceOrientationPortrait UIInterfaceOrientationLandscapeLeft UIInterfaceOrientationLandscapeRight";
				LD_RUNPATH_SEARCH_PATHS = (
					"$(inherited)",
					"@executable_path/Frameworks",
				);
				MARKETING_VERSION = 1.0;
				PRODUCT_BUNDLE_IDENTIFIER = kz.antonni.cartoonTableView;
				PRODUCT_NAME = "$(TARGET_NAME)";
				SWIFT_EMIT_LOC_STRINGS = YES;
				SWIFT_VERSION = 5.0;
				TARGETED_DEVICE_FAMILY = "1,2";
			};
			name = Release;
		};
		2288C72F2AF0164D006CB2E0 /* Debug */ = {
			isa = XCBuildConfiguration;
			buildSettings = {
				ALWAYS_EMBED_SWIFT_STANDARD_LIBRARIES = YES;
				BUNDLE_LOADER = "$(TEST_HOST)";
				CODE_SIGN_STYLE = Automatic;
				CURRENT_PROJECT_VERSION = 1;
				GENERATE_INFOPLIST_FILE = YES;
				IPHONEOS_DEPLOYMENT_TARGET = 16.2;
				MARKETING_VERSION = 1.0;
				PRODUCT_BUNDLE_IDENTIFIER = kz.antonni.cartoonTableViewTests;
				PRODUCT_NAME = "$(TARGET_NAME)";
				SWIFT_EMIT_LOC_STRINGS = NO;
				SWIFT_VERSION = 5.0;
				TARGETED_DEVICE_FAMILY = "1,2";
				TEST_HOST = "$(BUILT_PRODUCTS_DIR)/cartoonTableView.app/$(BUNDLE_EXECUTABLE_FOLDER_PATH)/cartoonTableView";
			};
			name = Debug;
		};
		2288C7302AF0164D006CB2E0 /* Release */ = {
			isa = XCBuildConfiguration;
			buildSettings = {
				ALWAYS_EMBED_SWIFT_STANDARD_LIBRARIES = YES;
				BUNDLE_LOADER = "$(TEST_HOST)";
				CODE_SIGN_STYLE = Automatic;
				CURRENT_PROJECT_VERSION = 1;
				GENERATE_INFOPLIST_FILE = YES;
				IPHONEOS_DEPLOYMENT_TARGET = 16.2;
				MARKETING_VERSION = 1.0;
				PRODUCT_BUNDLE_IDENTIFIER = kz.antonni.cartoonTableViewTests;
				PRODUCT_NAME = "$(TARGET_NAME)";
				SWIFT_EMIT_LOC_STRINGS = NO;
				SWIFT_VERSION = 5.0;
				TARGETED_DEVICE_FAMILY = "1,2";
				TEST_HOST = "$(BUILT_PRODUCTS_DIR)/cartoonTableView.app/$(BUNDLE_EXECUTABLE_FOLDER_PATH)/cartoonTableView";
			};
			name = Release;
		};
		2288C7322AF0164D006CB2E0 /* Debug */ = {
			isa = XCBuildConfiguration;
			buildSettings = {
				ALWAYS_EMBED_SWIFT_STANDARD_LIBRARIES = YES;
				CODE_SIGN_STYLE = Automatic;
				CURRENT_PROJECT_VERSION = 1;
				GENERATE_INFOPLIST_FILE = YES;
				MARKETING_VERSION = 1.0;
				PRODUCT_BUNDLE_IDENTIFIER = kz.antonni.cartoonTableViewUITests;
				PRODUCT_NAME = "$(TARGET_NAME)";
				SWIFT_EMIT_LOC_STRINGS = NO;
				SWIFT_VERSION = 5.0;
				TARGETED_DEVICE_FAMILY = "1,2";
				TEST_TARGET_NAME = cartoonTableView;
			};
			name = Debug;
		};
		2288C7332AF0164D006CB2E0 /* Release */ = {
			isa = XCBuildConfiguration;
			buildSettings = {
				ALWAYS_EMBED_SWIFT_STANDARD_LIBRARIES = YES;
				CODE_SIGN_STYLE = Automatic;
				CURRENT_PROJECT_VERSION = 1;
				GENERATE_INFOPLIST_FILE = YES;
				MARKETING_VERSION = 1.0;
				PRODUCT_BUNDLE_IDENTIFIER = kz.antonni.cartoonTableViewUITests;
				PRODUCT_NAME = "$(TARGET_NAME)";
				SWIFT_EMIT_LOC_STRINGS = NO;
				SWIFT_VERSION = 5.0;
				TARGETED_DEVICE_FAMILY = "1,2";
				TEST_TARGET_NAME = cartoonTableView;
			};
			name = Release;
		};
/* End XCBuildConfiguration section */

/* Begin XCConfigurationList section */
		2288C6FC2AF0164A006CB2E0 /* Build configuration list for PBXProject "cartoonTableView" */ = {
			isa = XCConfigurationList;
			buildConfigurations = (
				2288C7292AF0164D006CB2E0 /* Debug */,
				2288C72A2AF0164D006CB2E0 /* Release */,
			);
			defaultConfigurationIsVisible = 0;
			defaultConfigurationName = Release;
		};
		2288C72B2AF0164D006CB2E0 /* Build configuration list for PBXNativeTarget "cartoonTableView" */ = {
			isa = XCConfigurationList;
			buildConfigurations = (
				2288C72C2AF0164D006CB2E0 /* Debug */,
				2288C72D2AF0164D006CB2E0 /* Release */,
			);
			defaultConfigurationIsVisible = 0;
			defaultConfigurationName = Release;
		};
		2288C72E2AF0164D006CB2E0 /* Build configuration list for PBXNativeTarget "cartoonTableViewTests" */ = {
			isa = XCConfigurationList;
			buildConfigurations = (
				2288C72F2AF0164D006CB2E0 /* Debug */,
				2288C7302AF0164D006CB2E0 /* Release */,
			);
			defaultConfigurationIsVisible = 0;
			defaultConfigurationName = Release;
		};
		2288C7312AF0164D006CB2E0 /* Build configuration list for PBXNativeTarget "cartoonTableViewUITests" */ = {
			isa = XCConfigurationList;
			buildConfigurations = (
				2288C7322AF0164D006CB2E0 /* Debug */,
				2288C7332AF0164D006CB2E0 /* Release */,
			);
			defaultConfigurationIsVisible = 0;
			defaultConfigurationName = Release;
		};
/* End XCConfigurationList section */
	};
	rootObject = 2288C6F92AF0164A006CB2E0 /* Project object */;
}
